
Microsoft Visual Studio Solution File, Format Version 12.00
# Visual Studio 2015
Project("{FAE04EC0-301F-11D3-BF4B-00C04F79EFBC}") = "Dot Jump.CSharp.Plugins", "Dot Jump.CSharp.Plugins.csproj", "{62B9D3C7-B439-A54B-9EDC-622E3CB2E078}"
EndProject
Project("{FAE04EC0-301F-11D3-BF4B-00C04F79EFBC}") = "Dot Jump.CSharp", "Dot Jump.CSharp.csproj", "{0389E523-039E-652B-5558-7B17DF617494}"
EndProject
Global
	GlobalSection(SolutionConfigurationPlatforms) = preSolution
		Debug|Any CPU = Debug|Any CPU
		Release|Any CPU = Release|Any CPU
	EndGlobalSection
	GlobalSection(ProjectConfigurationPlatforms) = postSolution
		{62B9D3C7-B439-A54B-9EDC-622E3CB2E078}.Debug|Any CPU.ActiveCfg = Debug|Any CPU
		{62B9D3C7-B439-A54B-9EDC-622E3CB2E078}.Debug|Any CPU.Build.0 = Debug|Any CPU
		{62B9D3C7-B439-A54B-9EDC-622E3CB2E078}.Release|Any CPU.ActiveCfg = Release|Any CPU
		{62B9D3C7-B439-A54B-9EDC-622E3CB2E078}.Release|Any CPU.Build.0 = Release|Any CPU
		{0389E523-039E-652B-5558-7B17DF617494}.Debug|Any CPU.ActiveCfg = Debug|Any CPU
		{0389E523-039E-652B-5558-7B17DF617494}.Debug|Any CPU.Build.0 = Debug|Any CPU
		{0389E523-039E-652B-5558-7B17DF617494}.Release|Any CPU.ActiveCfg = Release|Any CPU
		{0389E523-039E-652B-5558-7B17DF617494}.Release|Any CPU.Build.0 = Release|Any CPU
	EndGlobalSection
	GlobalSection(SolutionProperties) = preSolution
		HideSolutionNode = FALSE
	EndGlobalSection
EndGlobal
