
Microsoft Visual Studio Solution File, Format Version 12.00
# Visual Studio 2015
Project("{FAE04EC0-301F-11D3-BF4B-00C04F79EFBC}") = "DotJump-UnityAds.CSharp.Plugins", "DotJump-UnityAds.CSharp.Plugins.csproj", "{C6EDBE16-BEAB-80A3-BC20-9B91FE6669EA}"
EndProject
Project("{FAE04EC0-301F-11D3-BF4B-00C04F79EFBC}") = "DotJump-UnityAds.CSharp", "DotJump-UnityAds.CSharp.csproj", "{3FCB3EED-4C5C-204A-ABF5-F2BD869EAB9D}"
EndProject
Global
	GlobalSection(SolutionConfigurationPlatforms) = preSolution
		Debug|Any CPU = Debug|Any CPU
		Release|Any CPU = Release|Any CPU
	EndGlobalSection
	GlobalSection(ProjectConfigurationPlatforms) = postSolution
		{C6EDBE16-BEAB-80A3-BC20-9B91FE6669EA}.Debug|Any CPU.ActiveCfg = Debug|Any CPU
		{C6EDBE16-BEAB-80A3-BC20-9B91FE6669EA}.Debug|Any CPU.Build.0 = Debug|Any CPU
		{C6EDBE16-BEAB-80A3-BC20-9B91FE6669EA}.Release|Any CPU.ActiveCfg = Release|Any CPU
		{C6EDBE16-BEAB-80A3-BC20-9B91FE6669EA}.Release|Any CPU.Build.0 = Release|Any CPU
		{3FCB3EED-4C5C-204A-ABF5-F2BD869EAB9D}.Debug|Any CPU.ActiveCfg = Debug|Any CPU
		{3FCB3EED-4C5C-204A-ABF5-F2BD869EAB9D}.Debug|Any CPU.Build.0 = Debug|Any CPU
		{3FCB3EED-4C5C-204A-ABF5-F2BD869EAB9D}.Release|Any CPU.ActiveCfg = Release|Any CPU
		{3FCB3EED-4C5C-204A-ABF5-F2BD869EAB9D}.Release|Any CPU.Build.0 = Release|Any CPU
	EndGlobalSection
	GlobalSection(SolutionProperties) = preSolution
		HideSolutionNode = FALSE
	EndGlobalSection
EndGlobal
